// !$*UTF8*$!
{
	archiveVersion = 1;
	classes = {
	};
	objectVersion = 46;
	objects = {

/* Begin PBXBuildFile section */
		FC89B6B31BA6A46300020B5E /* Minecraft.ttf in Resources */ = {isa = PBXBuildFile; fileRef = FC89B6B21BA6A46300020B5E /* Minecraft.ttf */; };
		FCD4A9FF1BA3BD5C00D91FA5 /* AppDelegate.swift in Sources */ = {isa = PBXBuildFile; fileRef = FCD4A9FE1BA3BD5C00D91FA5 /* AppDelegate.swift */; };
		FCD4AA011BA3BD5C00D91FA5 /* ViewController.swift in Sources */ = {isa = PBXBuildFile; fileRef = FCD4AA001BA3BD5C00D91FA5 /* ViewController.swift */; };
		FCD4AA041BA3BD5C00D91FA5 /* Main.storyboard in Resources */ = {isa = PBXBuildFile; fileRef = FCD4AA021BA3BD5C00D91FA5 /* Main.storyboard */; };
		FCD4AA061BA3BD5C00D91FA5 /* Assets.xcassets in Resources */ = {isa = PBXBuildFile; fileRef = FCD4AA051BA3BD5C00D91FA5 /* Assets.xcassets */; };
		FCD4AA091BA3BD5C00D91FA5 /* LaunchScreen.storyboard in Resources */ = {isa = PBXBuildFile; fileRef = FCD4AA071BA3BD5C00D91FA5 /* LaunchScreen.storyboard */; };
/* End PBXBuildFile section */

/* Begin PBXFileReference section */
		FC89B6B21BA6A46300020B5E /* Minecraft.ttf */ = {isa = PBXFileReference; lastKnownFileType = file; path = Minecraft.ttf; sourceTree = "<group>"; };
		FCD4A9FB1BA3BD5C00D91FA5 /* retro-calculator.app */ = {isa = PBXFileReference; explicitFileType = wrapper.application; includeInIndex = 0; path = "retro-calculator.app"; sourceTree = BUILT_PRODUCTS_DIR; };
		FCD4A9FE1BA3BD5C00D91FA5 /* AppDelegate.swift */ = {isa = PBXFileReference; lastKnownFileType = sourcecode.swift; path = AppDelegate.swift; sourceTree = "<group>"; };
		FCD4AA001BA3BD5C00D91FA5 /* ViewController.swift */ = {isa = PBXFileReference; lastKnownFileType = sourcecode.swift; path = ViewController.swift; sourceTree = "<group>"; };
		FCD4AA031BA3BD5C00D91FA5 /* Base */ = {isa = PBXFileReference; lastKnownFileType = file.storyboard; name = Base; path = Base.lproj/Main.storyboard; sourceTree = "<group>"; };
		FCD4AA051BA3BD5C00D91FA5 /* Assets.xcassets */ = {isa = PBXFileReference; lastKnownFileType = folder.assetcatalog; path = Assets.xcassets; sourceTree = "<group>"; };
		FCD4AA081BA3BD5C00D91FA5 /* Base */ = {isa = PBXFileReference; lastKnownFileType = file.storyboard; name = Base; path = Base.lproj/LaunchScreen.storyboard; sourceTree = "<group>"; };
		FCD4AA0A1BA3BD5C00D91FA5 /* Info.plist */ = {isa = PBXFileReference; lastKnownFileType = text.plist.xml; path = Info.plist; sourceTree = "<group>"; };
/* End PBXFileReference section */

/* Begin PBXFrameworksBuildPhase section */
		FCD4A9F81BA3BD5C00D91FA5 /* Frameworks */ = {
			isa = PBXFrameworksBuildPhase;
			buildActionMask = 2147483647;
			files = (
			);
			runOnlyForDeploymentPostprocessing = 0;
		};
/* End PBXFrameworksBuildPhase section */

/* Begin PBXGroup section */
		FCD4A9F21BA3BD5C00D91FA5 = {
			isa = PBXGroup;
			children = (
				FCD4A9FD1BA3BD5C00D91FA5 /* retro-calculator */,
				FCD4A9FC1BA3BD5C00D91FA5 /* Products */,
			);
			sourceTree = "<group>";
		};
		FCD4A9FC1BA3BD5C00D91FA5 /* Products */ = {
			isa = PBXGroup;
			children = (
				FCD4A9FB1BA3BD5C00D91FA5 /* retro-calculator.app */,
			);
			name = Products;
			sourceTree = "<group>";
		};
		FCD4A9FD1BA3BD5C00D91FA5 /* retro-calculator */ = {
			isa = PBXGroup;
			children = (
				FC89B6B21BA6A46300020B5E /* Minecraft.ttf */,
				FCD4A9FE1BA3BD5C00D91FA5 /* AppDelegate.swift */,
				FCD4AA001BA3BD5C00D91FA5 /* ViewController.swift */,
				FCD4AA021BA3BD5C00D91FA5 /* Main.storyboard */,
				FCD4AA051BA3BD5C00D91FA5 /* Assets.xcassets */,
				FCD4AA071BA3BD5C00D91FA5 /* LaunchScreen.storyboard */,
				FCD4AA0A1BA3BD5C00D91FA5 /* Info.plist */,
			);
			path = "retro-calculator";
			sourceTree = "<group>";
		};
/* End PBXGroup section */

/* Begin PBXNativeTarget section */
		FCD4A9FA1BA3BD5C00D91FA5 /* retro-calculator */ = {
			isa = PBXNativeTarget;
			buildConfigurationList = FCD4AA0D1BA3BD5C00D91FA5 /* Build configuration list for PBXNativeTarget "retro-calculator" */;
			buildPhases = (
				FCD4A9F71BA3BD5C00D91FA5 /* Sources */,
				FCD4A9F81BA3BD5C00D91FA5 /* Frameworks */,
				FCD4A9F91BA3BD5C00D91FA5 /* Resources */,
			);
			buildRules = (
			);
			dependencies = (
			);
			name = "retro-calculator";
			productName = "retro-calculator";
			productReference = FCD4A9FB1BA3BD5C00D91FA5 /* retro-calculator.app */;
			productType = "com.apple.product-type.application";
		};
/* End PBXNativeTarget section */

/* Begin PBXProject section */
		FCD4A9F31BA3BD5C00D91FA5 /* Project object */ = {
			isa = PBXProject;
			attributes = {
				LastUpgradeCheck = 0700;
				ORGANIZATIONNAME = "Coder Vox";
				TargetAttributes = {
					FCD4A9FA1BA3BD5C00D91FA5 = {
						CreatedOnToolsVersion = 7.0;
					};
				};
			};
			buildConfigurationList = FCD4A9F61BA3BD5C00D91FA5 /* Build configuration list for PBXProject "retro-calculator" */;
			compatibilityVersion = "Xcode 3.2";
			developmentRegion = English;
			hasScannedForEncodings = 0;
			knownRegions = (
				en,
				Base,
			);
			mainGroup = FCD4A9F21BA3BD5C00D91FA5;
			productRefGroup = FCD4A9FC1BA3BD5C00D91FA5 /* Products */;
			projectDirPath = "";
			projectRoot = "";
			targets = (
				FCD4A9FA1BA3BD5C00D91FA5 /* retro-calculator */,
			);
		};
/* End PBXProject section */

/* Begin PBXResourcesBuildPhase section */
		FCD4A9F91BA3BD5C00D91FA5 /* Resources */ = {
			isa = PBXResourcesBuildPhase;
			buildActionMask = 2147483647;
			files = (
				FCD4AA091BA3BD5C00D91FA5 /* LaunchScreen.storyboard in Resources */,
				FCD4AA061BA3BD5C00D91FA5 /* Assets.xcassets in Resources */,
				FC89B6B31BA6A46300020B5E /* Minecraft.ttf in Resources */,
				FCD4AA041BA3BD5C00D91FA5 /* Main.storyboard in Resources */,
			);
			runOnlyForDeploymentPostprocessing = 0;
		};
/* End PBXResourcesBuildPhase section */

/* Begin PBXSourcesBuildPhase section */
		FCD4A9F71BA3BD5C00D91FA5 /* Sources */ = {
			isa = PBXSourcesBuildPhase;
			buildActionMask = 2147483647;
			files = (
				FCD4AA011BA3BD5C00D91FA5 /* ViewController.swift in Sources */,
				FCD4A9FF1BA3BD5C00D91FA5 /* AppDelegate.swift in Sources */,
			);
			runOnlyForDeploymentPostprocessing = 0;
		};
/* End PBXSourcesBuildPhase section */

/* Begin PBXVariantGroup section */
		FCD4AA021BA3BD5C00D91FA5 /* Main.storyboard */ = {
			isa = PBXVariantGroup;
			children = (
				FCD4AA031BA3BD5C00D91FA5 /* Base */,
			);
			name = Main.storyboard;
			sourceTree = "<group>";
		};
		FCD4AA071BA3BD5C00D91FA5 /* LaunchScreen.storyboard */ = {
			isa = PBXVariantGroup;
			children = (
				FCD4AA081BA3BD5C00D91FA5 /* Base */,
			);
			name = LaunchScreen.storyboard;
			sourceTree = "<group>";
		};
/* End PBXVariantGroup section */

/* Begin XCBuildConfiguration section */
		FCD4AA0B1BA3BD5C00D91FA5 /* Debug */ = {
			isa = XCBuildConfiguration;
			buildSettings = {
				ALWAYS_SEARCH_USER_PATHS = NO;
				CLANG_CXX_LANGUAGE_STANDARD = "gnu++0x";
				CLANG_CXX_LIBRARY = "libc++";
				CLANG_ENABLE_MODULES = YES;
				CLANG_ENABLE_OBJC_ARC = YES;
				CLANG_WARN_BOOL_CONVERSION = YES;
				CLANG_WARN_CONSTANT_CONVERSION = YES;
				CLANG_WARN_DIRECT_OBJC_ISA_USAGE = YES_ERROR;
				CLANG_WARN_EMPTY_BODY = YES;
				CLANG_WARN_ENUM_CONVERSION = YES;
				CLANG_WARN_INT_CONVERSION = YES;
				CLANG_WARN_OBJC_ROOT_CLASS = YES_ERROR;
				CLANG_WARN_UNREACHABLE_CODE = YES;
				CLANG_WARN__DUPLICATE_METHOD_MATCH = YES;
				"CODE_SIGN_IDENTITY[sdk=iphoneos*]" = "iPhone Developer";
				COPY_PHASE_STRIP = NO;
				DEBUG_INFORMATION_FORMAT = dwarf;
				ENABLE_STRICT_OBJC_MSGSEND = YES;
				ENABLE_TESTABILITY = YES;
				GCC_C_LANGUAGE_STANDARD = gnu99;
				GCC_DYNAMIC_NO_PIC = NO;
				GCC_NO_COMMON_BLOCKS = YES;
				GCC_OPTIMIZATION_LEVEL = 0;
				GCC_PREPROCESSOR_DEFINITIONS = (
					"DEBUG=1",
					"$(inherited)",
				);
				GCC_WARN_64_TO_32_BIT_CONVERSION = YES;
				GCC_WARN_ABOUT_RETURN_TYPE = YES_ERROR;
				GCC_WARN_UNDECLARED_SELECTOR = YES;
				GCC_WARN_UNINITIALIZED_AUTOS = YES_AGGRESSIVE;
				GCC_WARN_UNUSED_FUNCTION = YES;
				GCC_WARN_UNUSED_VARIABLE = YES;
				IPHONEOS_DEPLOYMENT_TARGET = 9.0;
				MTL_ENABLE_DEBUG_INFO = YES;
				ONLY_ACTIVE_ARCH = YES;
				SDKROOT = iphoneos;
				SWIFT_OPTIMIZATION_LEVEL = "-Onone";
			};
			name = Debug;
		};
		FCD4AA0C1BA3BD5C00D91FA5 /* Release */ = {
			isa = XCBuildConfiguration;
			buildSettings = {
				ALWAYS_SEARCH_USER_PATHS = NO;
				CLANG_CXX_LANGUAGE_STANDARD = "gnu++0x";
				CLANG_CXX_LIBRARY = "libc++";
				CLANG_ENABLE_MODULES = YES;
				CLANG_ENABLE_OBJC_ARC = YES;
				CLANG_WARN_BOOL_CONVERSION = YES;
				CLANG_WARN_CONSTANT_CONVERSION = YES;
				CLANG_WARN_DIRECT_OBJC_ISA_USAGE = YES_ERROR;
				CLANG_WARN_EMPTY_BODY = YES;
				CLANG_WARN_ENUM_CONVERSION = YES;
				CLANG_WARN_INT_CONVERSION = YES;
				CLANG_WARN_OBJC_ROOT_CLASS = YES_ERROR;
				CLANG_WARN_UNREACHABLE_CODE = YES;
				CLANG_WARN__DUPLICATE_METHOD_MATCH = YES;
				"CODE_SIGN_IDENTITY[sdk=iphoneos*]" = "iPhone Developer";
				COPY_PHASE_STRIP = NO;
				DEBUG_INFORMATION_FORMAT = "dwarf-with-dsym";
				ENABLE_NS_ASSERTIONS = NO;
				ENABLE_STRICT_OBJC_MSGSEND = YES;
				GCC_C_LANGUAGE_STANDARD = gnu99;
				GCC_NO_COMMON_BLOCKS = YES;
				GCC_WARN_64_TO_32_BIT_CONVERSION = YES;
				GCC_WARN_ABOUT_RETURN_TYPE = YES_ERROR;
				GCC_WARN_UNDECLARED_SELECTOR = YES;
				GCC_WARN_UNINITIALIZED_AUTOS = YES_AGGRESSIVE;
				GCC_WARN_UNUSED_FUNCTION = YES;
				GCC_WARN_UNUSED_VARIABLE = YES;
				IPHONEOS_DEPLOYMENT_TARGET = 9.0;
				MTL_ENABLE_DEBUG_INFO = NO;
				SDKROOT = iphoneos;
				VALIDATE_PRODUCT = YES;
			};
			name = Release;
		};
		FCD4AA0E1BA3BD5C00D91FA5 /* Debug */ = {
			isa = XCBuildConfiguration;
			buildSettings = {
				ASSETCATALOG_COMPILER_APPICON_NAME = AppIcon;
				INFOPLIST_FILE = "retro-calculator/Info.plist";
				LD_RUNPATH_SEARCH_PATHS = "$(inherited) @executable_path/Frameworks";
				PRODUCT_BUNDLE_IDENTIFIER = "com.codervox.retro-calculator";
				PRODUCT_NAME = "$(TARGET_NAME)";
			};
			name = Debug;
		};
		FCD4AA0F1BA3BD5C00D91FA5 /* Release */ = {
			isa = XCBuildConfiguration;
			buildSettings = {
				ASSETCATALOG_COMPILER_APPICON_NAME = AppIcon;
				INFOPLIST_FILE = "retro-calculator/Info.plist";
				LD_RUNPATH_SEARCH_PATHS = "$(inherited) @executable_path/Frameworks";
				PRODUCT_BUNDLE_IDENTIFIER = "com.codervox.retro-calculator";
				PRODUCT_NAME = "$(TARGET_NAME)";
			};
			name = Release;
		};
/* End XCBuildConfiguration section */

/* Begin XCConfigurationList section */
		FCD4A9F61BA3BD5C00D91FA5 /* Build configuration list for PBXProject "retro-calculator" */ = {
			isa = XCConfigurationList;
			buildConfigurations = (
				FCD4AA0B1BA3BD5C00D91FA5 /* Debug */,
				FCD4AA0C1BA3BD5C00D91FA5 /* Release */,
			);
			defaultConfigurationIsVisible = 0;
			defaultConfigurationName = Release;
		};
		FCD4AA0D1BA3BD5C00D91FA5 /* Build configuration list for PBXNativeTarget "retro-calculator" */ = {
			isa = XCConfigurationList;
			buildConfigurations = (
				FCD4AA0E1BA3BD5C00D91FA5 /* Debug */,
				FCD4AA0F1BA3BD5C00D91FA5 /* Release */,
			);
			defaultConfigurationIsVisible = 0;
			defaultConfigurationName = Release;
		};
/* End XCConfigurationList section */
	};
	rootObject = FCD4A9F31BA3BD5C00D91FA5 /* Project object */;
}
